// !$*UTF8*$!
{
	archiveVersion = 1;
	classes = {
	};
	objectVersion = 51;
	objects = {

/* Begin PBXBuildFile section */
		3471ED501417012A0BD46B94 /* Pods_iOS_SEA_LIFESTYLE.framework in Frameworks */ = {isa = PBXBuildFile; fileRef = 7DCFC9617183BA2279CEA4C1 /* Pods_iOS_SEA_LIFESTYLE.framework */; };
		3A1065876ED9C57572C6102D /* Pods_iOS_SEA_LIFESTYLETests.framework in Frameworks */ = {isa = PBXBuildFile; fileRef = 568279997BC4DB2BDD0488E2 /* Pods_iOS_SEA_LIFESTYLETests.framework */; };
		3B365730243F7E1000AB3BB3 /* LoginViewController.swift in Sources */ = {isa = PBXBuildFile; fileRef = 3B36572F243F7E1000AB3BB3 /* LoginViewController.swift */; };
		3B365732243F8D8300AB3BB3 /* SignUpViewController.swift in Sources */ = {isa = PBXBuildFile; fileRef = 3B365731243F8D8300AB3BB3 /* SignUpViewController.swift */; };
		3B365734243F92A200AB3BB3 /* NutritionViewController.swift in Sources */ = {isa = PBXBuildFile; fileRef = 3B365733243F92A200AB3BB3 /* NutritionViewController.swift */; };
		3B365736243F92BE00AB3BB3 /* CookViewController.swift in Sources */ = {isa = PBXBuildFile; fileRef = 3B365735243F92BE00AB3BB3 /* CookViewController.swift */; };
		3B365738243F97A500AB3BB3 /* IngredientsViewController.swift in Sources */ = {isa = PBXBuildFile; fileRef = 3B365737243F97A500AB3BB3 /* IngredientsViewController.swift */; };
		3B36573C2440CFB800AB3BB3 /* StartCookingViewController.swift in Sources */ = {isa = PBXBuildFile; fileRef = 3B36573B2440CFB800AB3BB3 /* StartCookingViewController.swift */; };
		3B7D65E4243EE38C0060F939 /* AppDelegate.swift in Sources */ = {isa = PBXBuildFile; fileRef = 3B7D65E3243EE38C0060F939 /* AppDelegate.swift */; };
		3B7D65E6243EE38C0060F939 /* SceneDelegate.swift in Sources */ = {isa = PBXBuildFile; fileRef = 3B7D65E5243EE38C0060F939 /* SceneDelegate.swift */; };
		3B7D65EB243EE38C0060F939 /* Main.storyboard in Resources */ = {isa = PBXBuildFile; fileRef = 3B7D65E9243EE38C0060F939 /* Main.storyboard */; };
		3B7D65ED243EE38D0060F939 /* Assets.xcassets in Resources */ = {isa = PBXBuildFile; fileRef = 3B7D65EC243EE38D0060F939 /* Assets.xcassets */; };
		3B7D65F0243EE38D0060F939 /* LaunchScreen.storyboard in Resources */ = {isa = PBXBuildFile; fileRef = 3B7D65EE243EE38D0060F939 /* LaunchScreen.storyboard */; };
		3B7D65FB243EE38E0060F939 /* iOS_SEA_LIFESTYLETests.swift in Sources */ = {isa = PBXBuildFile; fileRef = 3B7D65FA243EE38E0060F939 /* iOS_SEA_LIFESTYLETests.swift */; };
		3B7D6606243EE38E0060F939 /* iOS_SEA_LIFESTYLEUITests.swift in Sources */ = {isa = PBXBuildFile; fileRef = 3B7D6605243EE38E0060F939 /* iOS_SEA_LIFESTYLEUITests.swift */; };
		673238B3244A77F9003087D5 /* StepsViewController.swift in Sources */ = {isa = PBXBuildFile; fileRef = 673238B2244A77F9003087D5 /* StepsViewController.swift */; };
		837DA3F1244986E20035CA2A /* IngredientsCell.swift in Sources */ = {isa = PBXBuildFile; fileRef = 837DA3F0244986E20035CA2A /* IngredientsCell.swift */; };
		83BB61B8243EF6FD00768062 /* PopularMealsCell.swift in Sources */ = {isa = PBXBuildFile; fileRef = 83BB61B7243EF6FD00768062 /* PopularMealsCell.swift */; };
		83BB61BA243EFA4700768062 /* PopularMealsViewController.swift in Sources */ = {isa = PBXBuildFile; fileRef = 83BB61B9243EFA4700768062 /* PopularMealsViewController.swift */; };
		83BB61BC243F0BDB00768062 /* MealGridCell.swift in Sources */ = {isa = PBXBuildFile; fileRef = 83BB61BB243F0BDB00768062 /* MealGridCell.swift */; };
		83BB61BE243F0E6300768062 /* MealGridViewController.swift in Sources */ = {isa = PBXBuildFile; fileRef = 83BB61BD243F0E6300768062 /* MealGridViewController.swift */; };
		ACF37E336287FCFE5DE088F1 /* Pods_iOS_SEA_LIFESTYLE_iOS_SEA_LIFESTYLEUITests.framework in Frameworks */ = {isa = PBXBuildFile; fileRef = FD3E98E0F249F781D442DF5B /* Pods_iOS_SEA_LIFESTYLE_iOS_SEA_LIFESTYLEUITests.framework */; };
/* End PBXBuildFile section */

/* Begin PBXContainerItemProxy section */
		3B7D65F7243EE38E0060F939 /* PBXContainerItemProxy */ = {
			isa = PBXContainerItemProxy;
			containerPortal = 3B7D65D8243EE38C0060F939 /* Project object */;
			proxyType = 1;
			remoteGlobalIDString = 3B7D65DF243EE38C0060F939;
			remoteInfo = iOS_SEA_LIFESTYLE;
		};
		3B7D6602243EE38E0060F939 /* PBXContainerItemProxy */ = {
			isa = PBXContainerItemProxy;
			containerPortal = 3B7D65D8243EE38C0060F939 /* Project object */;
			proxyType = 1;
			remoteGlobalIDString = 3B7D65DF243EE38C0060F939;
			remoteInfo = iOS_SEA_LIFESTYLE;
		};
/* End PBXContainerItemProxy section */

/* Begin PBXFileReference section */
		09A7C8964727CA46AA087C03 /* Pods-iOS_SEA_LIFESTYLE-iOS_SEA_LIFESTYLEUITests.debug.xcconfig */ = {isa = PBXFileReference; includeInIndex = 1; lastKnownFileType = text.xcconfig; name = "Pods-iOS_SEA_LIFESTYLE-iOS_SEA_LIFESTYLEUITests.debug.xcconfig"; path = "Target Support Files/Pods-iOS_SEA_LIFESTYLE-iOS_SEA_LIFESTYLEUITests/Pods-iOS_SEA_LIFESTYLE-iOS_SEA_LIFESTYLEUITests.debug.xcconfig"; sourceTree = "<group>"; };
		25DCFB3A44C88B6D2F842A70 /* Pods-iOS_SEA_LIFESTYLE.release.xcconfig */ = {isa = PBXFileReference; includeInIndex = 1; lastKnownFileType = text.xcconfig; name = "Pods-iOS_SEA_LIFESTYLE.release.xcconfig"; path = "Target Support Files/Pods-iOS_SEA_LIFESTYLE/Pods-iOS_SEA_LIFESTYLE.release.xcconfig"; sourceTree = "<group>"; };
		3B36572F243F7E1000AB3BB3 /* LoginViewController.swift */ = {isa = PBXFileReference; lastKnownFileType = sourcecode.swift; name = LoginViewController.swift; path = ../LoginViewController.swift; sourceTree = "<group>"; };
		3B365731243F8D8300AB3BB3 /* SignUpViewController.swift */ = {isa = PBXFileReference; lastKnownFileType = sourcecode.swift; path = SignUpViewController.swift; sourceTree = "<group>"; };
		3B365733243F92A200AB3BB3 /* NutritionViewController.swift */ = {isa = PBXFileReference; lastKnownFileType = sourcecode.swift; path = NutritionViewController.swift; sourceTree = "<group>"; };
		3B365735243F92BE00AB3BB3 /* CookViewController.swift */ = {isa = PBXFileReference; lastKnownFileType = sourcecode.swift; path = CookViewController.swift; sourceTree = "<group>"; };
		3B365737243F97A500AB3BB3 /* IngredientsViewController.swift */ = {isa = PBXFileReference; lastKnownFileType = sourcecode.swift; path = IngredientsViewController.swift; sourceTree = "<group>"; };
		3B36573B2440CFB800AB3BB3 /* StartCookingViewController.swift */ = {isa = PBXFileReference; lastKnownFileType = sourcecode.swift; path = StartCookingViewController.swift; sourceTree = "<group>"; };
		3B7D65E0243EE38C0060F939 /* iOS_SEA_LIFESTYLE.app */ = {isa = PBXFileReference; explicitFileType = wrapper.application; includeInIndex = 0; path = iOS_SEA_LIFESTYLE.app; sourceTree = BUILT_PRODUCTS_DIR; };
		3B7D65E3243EE38C0060F939 /* AppDelegate.swift */ = {isa = PBXFileReference; lastKnownFileType = sourcecode.swift; path = AppDelegate.swift; sourceTree = "<group>"; };
		3B7D65E5243EE38C0060F939 /* SceneDelegate.swift */ = {isa = PBXFileReference; lastKnownFileType = sourcecode.swift; path = SceneDelegate.swift; sourceTree = "<group>"; };
		3B7D65EA243EE38C0060F939 /* Base */ = {isa = PBXFileReference; lastKnownFileType = file.storyboard; name = Base; path = Base.lproj/Main.storyboard; sourceTree = "<group>"; };
		3B7D65EC243EE38D0060F939 /* Assets.xcassets */ = {isa = PBXFileReference; lastKnownFileType = folder.assetcatalog; path = Assets.xcassets; sourceTree = "<group>"; };
		3B7D65EF243EE38D0060F939 /* Base */ = {isa = PBXFileReference; lastKnownFileType = file.storyboard; name = Base; path = Base.lproj/LaunchScreen.storyboard; sourceTree = "<group>"; };
		3B7D65F1243EE38D0060F939 /* Info.plist */ = {isa = PBXFileReference; lastKnownFileType = text.plist.xml; path = Info.plist; sourceTree = "<group>"; };
		3B7D65F6243EE38E0060F939 /* iOS_SEA_LIFESTYLETests.xctest */ = {isa = PBXFileReference; explicitFileType = wrapper.cfbundle; includeInIndex = 0; path = iOS_SEA_LIFESTYLETests.xctest; sourceTree = BUILT_PRODUCTS_DIR; };
		3B7D65FA243EE38E0060F939 /* iOS_SEA_LIFESTYLETests.swift */ = {isa = PBXFileReference; lastKnownFileType = sourcecode.swift; path = iOS_SEA_LIFESTYLETests.swift; sourceTree = "<group>"; };
		3B7D65FC243EE38E0060F939 /* Info.plist */ = {isa = PBXFileReference; lastKnownFileType = text.plist.xml; path = Info.plist; sourceTree = "<group>"; };
		3B7D6601243EE38E0060F939 /* iOS_SEA_LIFESTYLEUITests.xctest */ = {isa = PBXFileReference; explicitFileType = wrapper.cfbundle; includeInIndex = 0; path = iOS_SEA_LIFESTYLEUITests.xctest; sourceTree = BUILT_PRODUCTS_DIR; };
		3B7D6605243EE38E0060F939 /* iOS_SEA_LIFESTYLEUITests.swift */ = {isa = PBXFileReference; lastKnownFileType = sourcecode.swift; path = iOS_SEA_LIFESTYLEUITests.swift; sourceTree = "<group>"; };
		3B7D6607243EE38E0060F939 /* Info.plist */ = {isa = PBXFileReference; lastKnownFileType = text.plist.xml; path = Info.plist; sourceTree = "<group>"; };
		3D28DA94938C4A54ECE61781 /* Pods-iOS_SEA_LIFESTYLE-iOS_SEA_LIFESTYLEUITests.release.xcconfig */ = {isa = PBXFileReference; includeInIndex = 1; lastKnownFileType = text.xcconfig; name = "Pods-iOS_SEA_LIFESTYLE-iOS_SEA_LIFESTYLEUITests.release.xcconfig"; path = "Target Support Files/Pods-iOS_SEA_LIFESTYLE-iOS_SEA_LIFESTYLEUITests/Pods-iOS_SEA_LIFESTYLE-iOS_SEA_LIFESTYLEUITests.release.xcconfig"; sourceTree = "<group>"; };
		568279997BC4DB2BDD0488E2 /* Pods_iOS_SEA_LIFESTYLETests.framework */ = {isa = PBXFileReference; explicitFileType = wrapper.framework; includeInIndex = 0; path = Pods_iOS_SEA_LIFESTYLETests.framework; sourceTree = BUILT_PRODUCTS_DIR; };
		673238B2244A77F9003087D5 /* StepsViewController.swift */ = {isa = PBXFileReference; lastKnownFileType = sourcecode.swift; path = StepsViewController.swift; sourceTree = "<group>"; };
		7DCFC9617183BA2279CEA4C1 /* Pods_iOS_SEA_LIFESTYLE.framework */ = {isa = PBXFileReference; explicitFileType = wrapper.framework; includeInIndex = 0; path = Pods_iOS_SEA_LIFESTYLE.framework; sourceTree = BUILT_PRODUCTS_DIR; };
		837DA3F0244986E20035CA2A /* IngredientsCell.swift */ = {isa = PBXFileReference; lastKnownFileType = sourcecode.swift; path = IngredientsCell.swift; sourceTree = "<group>"; };
		83BB61B7243EF6FD00768062 /* PopularMealsCell.swift */ = {isa = PBXFileReference; lastKnownFileType = sourcecode.swift; path = PopularMealsCell.swift; sourceTree = "<group>"; };
		83BB61B9243EFA4700768062 /* PopularMealsViewController.swift */ = {isa = PBXFileReference; lastKnownFileType = sourcecode.swift; path = PopularMealsViewController.swift; sourceTree = "<group>"; };
		83BB61BB243F0BDB00768062 /* MealGridCell.swift */ = {isa = PBXFileReference; lastKnownFileType = sourcecode.swift; path = MealGridCell.swift; sourceTree = "<group>"; };
		83BB61BD243F0E6300768062 /* MealGridViewController.swift */ = {isa = PBXFileReference; lastKnownFileType = sourcecode.swift; path = MealGridViewController.swift; sourceTree = "<group>"; };
		956FB4C294304161895DD112 /* Pods-iOS_SEA_LIFESTYLETests.release.xcconfig */ = {isa = PBXFileReference; includeInIndex = 1; lastKnownFileType = text.xcconfig; name = "Pods-iOS_SEA_LIFESTYLETests.release.xcconfig"; path = "Target Support Files/Pods-iOS_SEA_LIFESTYLETests/Pods-iOS_SEA_LIFESTYLETests.release.xcconfig"; sourceTree = "<group>"; };
		AFFA6CF5EEA3DE1F9B481729 /* Pods-iOS_SEA_LIFESTYLETests.debug.xcconfig */ = {isa = PBXFileReference; includeInIndex = 1; lastKnownFileType = text.xcconfig; name = "Pods-iOS_SEA_LIFESTYLETests.debug.xcconfig"; path = "Target Support Files/Pods-iOS_SEA_LIFESTYLETests/Pods-iOS_SEA_LIFESTYLETests.debug.xcconfig"; sourceTree = "<group>"; };
		E37FD8C7ECBA25760A99A150 /* Pods-iOS_SEA_LIFESTYLE.debug.xcconfig */ = {isa = PBXFileReference; includeInIndex = 1; lastKnownFileType = text.xcconfig; name = "Pods-iOS_SEA_LIFESTYLE.debug.xcconfig"; path = "Target Support Files/Pods-iOS_SEA_LIFESTYLE/Pods-iOS_SEA_LIFESTYLE.debug.xcconfig"; sourceTree = "<group>"; };
		FD3E98E0F249F781D442DF5B /* Pods_iOS_SEA_LIFESTYLE_iOS_SEA_LIFESTYLEUITests.framework */ = {isa = PBXFileReference; explicitFileType = wrapper.framework; includeInIndex = 0; path = Pods_iOS_SEA_LIFESTYLE_iOS_SEA_LIFESTYLEUITests.framework; sourceTree = BUILT_PRODUCTS_DIR; };
/* End PBXFileReference section */

/* Begin PBXFrameworksBuildPhase section */
		3B7D65DD243EE38C0060F939 /* Frameworks */ = {
			isa = PBXFrameworksBuildPhase;
			buildActionMask = 2147483647;
			files = (
				3471ED501417012A0BD46B94 /* Pods_iOS_SEA_LIFESTYLE.framework in Frameworks */,
			);
			runOnlyForDeploymentPostprocessing = 0;
		};
		3B7D65F3243EE38E0060F939 /* Frameworks */ = {
			isa = PBXFrameworksBuildPhase;
			buildActionMask = 2147483647;
			files = (
				3A1065876ED9C57572C6102D /* Pods_iOS_SEA_LIFESTYLETests.framework in Frameworks */,
			);
			runOnlyForDeploymentPostprocessing = 0;
		};
		3B7D65FE243EE38E0060F939 /* Frameworks */ = {
			isa = PBXFrameworksBuildPhase;
			buildActionMask = 2147483647;
			files = (
				ACF37E336287FCFE5DE088F1 /* Pods_iOS_SEA_LIFESTYLE_iOS_SEA_LIFESTYLEUITests.framework in Frameworks */,
			);
			runOnlyForDeploymentPostprocessing = 0;
		};
/* End PBXFrameworksBuildPhase section */

/* Begin PBXGroup section */
		26B63F8C88FA21C5C4F2A229 /* Frameworks */ = {
			isa = PBXGroup;
			children = (
				7DCFC9617183BA2279CEA4C1 /* Pods_iOS_SEA_LIFESTYLE.framework */,
				FD3E98E0F249F781D442DF5B /* Pods_iOS_SEA_LIFESTYLE_iOS_SEA_LIFESTYLEUITests.framework */,
				568279997BC4DB2BDD0488E2 /* Pods_iOS_SEA_LIFESTYLETests.framework */,
			);
			name = Frameworks;
			sourceTree = "<group>";
		};
		3B7D65D7243EE38C0060F939 = {
			isa = PBXGroup;
			children = (
				3B7D65E2243EE38C0060F939 /* iOS_SEA_LIFESTYLE */,
				3B7D65F9243EE38E0060F939 /* iOS_SEA_LIFESTYLETests */,
				3B7D6604243EE38E0060F939 /* iOS_SEA_LIFESTYLEUITests */,
				3B7D65E1243EE38C0060F939 /* Products */,
				FB8394FC0B54770AB56CED98 /* Pods */,
				26B63F8C88FA21C5C4F2A229 /* Frameworks */,
			);
			sourceTree = "<group>";
		};
		3B7D65E1243EE38C0060F939 /* Products */ = {
			isa = PBXGroup;
			children = (
				3B7D65E0243EE38C0060F939 /* iOS_SEA_LIFESTYLE.app */,
				3B7D65F6243EE38E0060F939 /* iOS_SEA_LIFESTYLETests.xctest */,
				3B7D6601243EE38E0060F939 /* iOS_SEA_LIFESTYLEUITests.xctest */,
			);
			name = Products;
			sourceTree = "<group>";
		};
		3B7D65E2243EE38C0060F939 /* iOS_SEA_LIFESTYLE */ = {
			isa = PBXGroup;
			children = (
				3B7D65E3243EE38C0060F939 /* AppDelegate.swift */,
				3B7D65E5243EE38C0060F939 /* SceneDelegate.swift */,
				3B7D65E9243EE38C0060F939 /* Main.storyboard */,
				3B365733243F92A200AB3BB3 /* NutritionViewController.swift */,
				3B365735243F92BE00AB3BB3 /* CookViewController.swift */,
				3B7D65EC243EE38D0060F939 /* Assets.xcassets */,
				3B7D65EE243EE38D0060F939 /* LaunchScreen.storyboard */,
				3B7D65F1243EE38D0060F939 /* Info.plist */,
				3B36573B2440CFB800AB3BB3 /* StartCookingViewController.swift */,
				83BB61B7243EF6FD00768062 /* PopularMealsCell.swift */,
				83BB61B9243EFA4700768062 /* PopularMealsViewController.swift */,
				83BB61BB243F0BDB00768062 /* MealGridCell.swift */,
				83BB61BD243F0E6300768062 /* MealGridViewController.swift */,
				837DA3F0244986E20035CA2A /* IngredientsCell.swift */,
				3B365737243F97A500AB3BB3 /* IngredientsViewController.swift */,
				3B365731243F8D8300AB3BB3 /* SignUpViewController.swift */,
				3B36572F243F7E1000AB3BB3 /* LoginViewController.swift */,
				673238B2244A77F9003087D5 /* StepsViewController.swift */,
			);
			path = iOS_SEA_LIFESTYLE;
			sourceTree = "<group>";
		};
		3B7D65F9243EE38E0060F939 /* iOS_SEA_LIFESTYLETests */ = {
			isa = PBXGroup;
			children = (
				3B7D65FA243EE38E0060F939 /* iOS_SEA_LIFESTYLETests.swift */,
				3B7D65FC243EE38E0060F939 /* Info.plist */,
			);
			path = iOS_SEA_LIFESTYLETests;
			sourceTree = "<group>";
		};
		3B7D6604243EE38E0060F939 /* iOS_SEA_LIFESTYLEUITests */ = {
			isa = PBXGroup;
			children = (
				3B7D6605243EE38E0060F939 /* iOS_SEA_LIFESTYLEUITests.swift */,
				3B7D6607243EE38E0060F939 /* Info.plist */,
			);
			path = iOS_SEA_LIFESTYLEUITests;
			sourceTree = "<group>";
		};
		FB8394FC0B54770AB56CED98 /* Pods */ = {
			isa = PBXGroup;
			children = (
				E37FD8C7ECBA25760A99A150 /* Pods-iOS_SEA_LIFESTYLE.debug.xcconfig */,
				25DCFB3A44C88B6D2F842A70 /* Pods-iOS_SEA_LIFESTYLE.release.xcconfig */,
				09A7C8964727CA46AA087C03 /* Pods-iOS_SEA_LIFESTYLE-iOS_SEA_LIFESTYLEUITests.debug.xcconfig */,
				3D28DA94938C4A54ECE61781 /* Pods-iOS_SEA_LIFESTYLE-iOS_SEA_LIFESTYLEUITests.release.xcconfig */,
				AFFA6CF5EEA3DE1F9B481729 /* Pods-iOS_SEA_LIFESTYLETests.debug.xcconfig */,
				956FB4C294304161895DD112 /* Pods-iOS_SEA_LIFESTYLETests.release.xcconfig */,
			);
			path = Pods;
			sourceTree = "<group>";
		};
/* End PBXGroup section */

/* Begin PBXNativeTarget section */
		3B7D65DF243EE38C0060F939 /* iOS_SEA_LIFESTYLE */ = {
			isa = PBXNativeTarget;
			buildConfigurationList = 3B7D660A243EE38E0060F939 /* Build configuration list for PBXNativeTarget "iOS_SEA_LIFESTYLE" */;
			buildPhases = (
				9AEAE4EDB3C908DD1192AABF /* [CP] Check Pods Manifest.lock */,
				3B7D65DC243EE38C0060F939 /* Sources */,
				3B7D65DD243EE38C0060F939 /* Frameworks */,
				3B7D65DE243EE38C0060F939 /* Resources */,
				1419BDD6168B1D965908B697 /* [CP] Embed Pods Frameworks */,
			);
			buildRules = (
			);
			dependencies = (
			);
			name = iOS_SEA_LIFESTYLE;
			productName = iOS_SEA_LIFESTYLE;
			productReference = 3B7D65E0243EE38C0060F939 /* iOS_SEA_LIFESTYLE.app */;
			productType = "com.apple.product-type.application";
		};
		3B7D65F5243EE38E0060F939 /* iOS_SEA_LIFESTYLETests */ = {
			isa = PBXNativeTarget;
			buildConfigurationList = 3B7D660D243EE38E0060F939 /* Build configuration list for PBXNativeTarget "iOS_SEA_LIFESTYLETests" */;
			buildPhases = (
				D31021CF387964516ECE60B5 /* [CP] Check Pods Manifest.lock */,
				3B7D65F2243EE38E0060F939 /* Sources */,
				3B7D65F3243EE38E0060F939 /* Frameworks */,
				3B7D65F4243EE38E0060F939 /* Resources */,
			);
			buildRules = (
			);
			dependencies = (
				3B7D65F8243EE38E0060F939 /* PBXTargetDependency */,
			);
			name = iOS_SEA_LIFESTYLETests;
			productName = iOS_SEA_LIFESTYLETests;
			productReference = 3B7D65F6243EE38E0060F939 /* iOS_SEA_LIFESTYLETests.xctest */;
			productType = "com.apple.product-type.bundle.unit-test";
		};
		3B7D6600243EE38E0060F939 /* iOS_SEA_LIFESTYLEUITests */ = {
			isa = PBXNativeTarget;
			buildConfigurationList = 3B7D6610243EE38E0060F939 /* Build configuration list for PBXNativeTarget "iOS_SEA_LIFESTYLEUITests" */;
			buildPhases = (
				EC6E8B6CDA0C067B0172194E /* [CP] Check Pods Manifest.lock */,
				3B7D65FD243EE38E0060F939 /* Sources */,
				3B7D65FE243EE38E0060F939 /* Frameworks */,
				3B7D65FF243EE38E0060F939 /* Resources */,
				097FE44316BFDC0BB57B7D90 /* [CP] Embed Pods Frameworks */,
			);
			buildRules = (
			);
			dependencies = (
				3B7D6603243EE38E0060F939 /* PBXTargetDependency */,
			);
			name = iOS_SEA_LIFESTYLEUITests;
			productName = iOS_SEA_LIFESTYLEUITests;
			productReference = 3B7D6601243EE38E0060F939 /* iOS_SEA_LIFESTYLEUITests.xctest */;
			productType = "com.apple.product-type.bundle.ui-testing";
		};
/* End PBXNativeTarget section */

/* Begin PBXProject section */
		3B7D65D8243EE38C0060F939 /* Project object */ = {
			isa = PBXProject;
			attributes = {
				LastSwiftUpdateCheck = 1140;
				LastUpgradeCheck = 1140;
				ORGANIZATIONNAME = "Ayo ";
				TargetAttributes = {
					3B7D65DF243EE38C0060F939 = {
						CreatedOnToolsVersion = 11.4;
					};
					3B7D65F5243EE38E0060F939 = {
						CreatedOnToolsVersion = 11.4;
						TestTargetID = 3B7D65DF243EE38C0060F939;
					};
					3B7D6600243EE38E0060F939 = {
						CreatedOnToolsVersion = 11.4;
						TestTargetID = 3B7D65DF243EE38C0060F939;
					};
				};
			};
			buildConfigurationList = 3B7D65DB243EE38C0060F939 /* Build configuration list for PBXProject "iOS_SEA_LIFESTYLE" */;
			compatibilityVersion = "Xcode 9.3";
			developmentRegion = en;
			hasScannedForEncodings = 0;
			knownRegions = (
				en,
				Base,
			);
			mainGroup = 3B7D65D7243EE38C0060F939;
			productRefGroup = 3B7D65E1243EE38C0060F939 /* Products */;
			projectDirPath = "";
			projectRoot = "";
			targets = (
				3B7D65DF243EE38C0060F939 /* iOS_SEA_LIFESTYLE */,
				3B7D65F5243EE38E0060F939 /* iOS_SEA_LIFESTYLETests */,
				3B7D6600243EE38E0060F939 /* iOS_SEA_LIFESTYLEUITests */,
			);
		};
/* End PBXProject section */

/* Begin PBXResourcesBuildPhase section */
		3B7D65DE243EE38C0060F939 /* Resources */ = {
			isa = PBXResourcesBuildPhase;
			buildActionMask = 2147483647;
			files = (
				3B7D65F0243EE38D0060F939 /* LaunchScreen.storyboard in Resources */,
				3B7D65ED243EE38D0060F939 /* Assets.xcassets in Resources */,
				3B7D65EB243EE38C0060F939 /* Main.storyboard in Resources */,
			);
			runOnlyForDeploymentPostprocessing = 0;
		};
		3B7D65F4243EE38E0060F939 /* Resources */ = {
			isa = PBXResourcesBuildPhase;
			buildActionMask = 2147483647;
			files = (
			);
			runOnlyForDeploymentPostprocessing = 0;
		};
		3B7D65FF243EE38E0060F939 /* Resources */ = {
			isa = PBXResourcesBuildPhase;
			buildActionMask = 2147483647;
			files = (
			);
			runOnlyForDeploymentPostprocessing = 0;
		};
/* End PBXResourcesBuildPhase section */

/* Begin PBXShellScriptBuildPhase section */
		097FE44316BFDC0BB57B7D90 /* [CP] Embed Pods Frameworks */ = {
			isa = PBXShellScriptBuildPhase;
			buildActionMask = 2147483647;
			files = (
			);
			inputFileListPaths = (
				"${PODS_ROOT}/Target Support Files/Pods-iOS_SEA_LIFESTYLE-iOS_SEA_LIFESTYLEUITests/Pods-iOS_SEA_LIFESTYLE-iOS_SEA_LIFESTYLEUITests-frameworks-${CONFIGURATION}-input-files.xcfilelist",
			);
			name = "[CP] Embed Pods Frameworks";
			outputFileListPaths = (
				"${PODS_ROOT}/Target Support Files/Pods-iOS_SEA_LIFESTYLE-iOS_SEA_LIFESTYLEUITests/Pods-iOS_SEA_LIFESTYLE-iOS_SEA_LIFESTYLEUITests-frameworks-${CONFIGURATION}-output-files.xcfilelist",
			);
			runOnlyForDeploymentPostprocessing = 0;
			shellPath = /bin/sh;
			shellScript = "\"${PODS_ROOT}/Target Support Files/Pods-iOS_SEA_LIFESTYLE-iOS_SEA_LIFESTYLEUITests/Pods-iOS_SEA_LIFESTYLE-iOS_SEA_LIFESTYLEUITests-frameworks.sh\"\n";
			showEnvVarsInLog = 0;
		};
		1419BDD6168B1D965908B697 /* [CP] Embed Pods Frameworks */ = {
			isa = PBXShellScriptBuildPhase;
			buildActionMask = 2147483647;
			files = (
			);
			inputFileListPaths = (
				"${PODS_ROOT}/Target Support Files/Pods-iOS_SEA_LIFESTYLE/Pods-iOS_SEA_LIFESTYLE-frameworks-${CONFIGURATION}-input-files.xcfilelist",
			);
			name = "[CP] Embed Pods Frameworks";
			outputFileListPaths = (
				"${PODS_ROOT}/Target Support Files/Pods-iOS_SEA_LIFESTYLE/Pods-iOS_SEA_LIFESTYLE-frameworks-${CONFIGURATION}-output-files.xcfilelist",
			);
			runOnlyForDeploymentPostprocessing = 0;
			shellPath = /bin/sh;
			shellScript = "\"${PODS_ROOT}/Target Support Files/Pods-iOS_SEA_LIFESTYLE/Pods-iOS_SEA_LIFESTYLE-frameworks.sh\"\n";
			showEnvVarsInLog = 0;
		};
		9AEAE4EDB3C908DD1192AABF /* [CP] Check Pods Manifest.lock */ = {
			isa = PBXShellScriptBuildPhase;
			buildActionMask = 2147483647;
			files = (
			);
			inputFileListPaths = (
			);
			inputPaths = (
				"${PODS_PODFILE_DIR_PATH}/Podfile.lock",
				"${PODS_ROOT}/Manifest.lock",
			);
			name = "[CP] Check Pods Manifest.lock";
			outputFileListPaths = (
			);
			outputPaths = (
				"$(DERIVED_FILE_DIR)/Pods-iOS_SEA_LIFESTYLE-checkManifestLockResult.txt",
			);
			runOnlyForDeploymentPostprocessing = 0;
			shellPath = /bin/sh;
			shellScript = "diff \"${PODS_PODFILE_DIR_PATH}/Podfile.lock\" \"${PODS_ROOT}/Manifest.lock\" > /dev/null\nif [ $? != 0 ] ; then\n    # print error to STDERR\n    echo \"error: The sandbox is not in sync with the Podfile.lock. Run 'pod install' or update your CocoaPods installation.\" >&2\n    exit 1\nfi\n# This output is used by Xcode 'outputs' to avoid re-running this script phase.\necho \"SUCCESS\" > \"${SCRIPT_OUTPUT_FILE_0}\"\n";
			showEnvVarsInLog = 0;
		};
		D31021CF387964516ECE60B5 /* [CP] Check Pods Manifest.lock */ = {
			isa = PBXShellScriptBuildPhase;
			buildActionMask = 2147483647;
			files = (
			);
			inputFileListPaths = (
			);
			inputPaths = (
				"${PODS_PODFILE_DIR_PATH}/Podfile.lock",
				"${PODS_ROOT}/Manifest.lock",
			);
			name = "[CP] Check Pods Manifest.lock";
			outputFileListPaths = (
			);
			outputPaths = (
				"$(DERIVED_FILE_DIR)/Pods-iOS_SEA_LIFESTYLETests-checkManifestLockResult.txt",
			);
			runOnlyForDeploymentPostprocessing = 0;
			shellPath = /bin/sh;
			shellScript = "diff \"${PODS_PODFILE_DIR_PATH}/Podfile.lock\" \"${PODS_ROOT}/Manifest.lock\" > /dev/null\nif [ $? != 0 ] ; then\n    # print error to STDERR\n    echo \"error: The sandbox is not in sync with the Podfile.lock. Run 'pod install' or update your CocoaPods installation.\" >&2\n    exit 1\nfi\n# This output is used by Xcode 'outputs' to avoid re-running this script phase.\necho \"SUCCESS\" > \"${SCRIPT_OUTPUT_FILE_0}\"\n";
			showEnvVarsInLog = 0;
		};
		EC6E8B6CDA0C067B0172194E /* [CP] Check Pods Manifest.lock */ = {
			isa = PBXShellScriptBuildPhase;
			buildActionMask = 2147483647;
			files = (
			);
			inputFileListPaths = (
			);
			inputPaths = (
				"${PODS_PODFILE_DIR_PATH}/Podfile.lock",
				"${PODS_ROOT}/Manifest.lock",
			);
			name = "[CP] Check Pods Manifest.lock";
			outputFileListPaths = (
			);
			outputPaths = (
				"$(DERIVED_FILE_DIR)/Pods-iOS_SEA_LIFESTYLE-iOS_SEA_LIFESTYLEUITests-checkManifestLockResult.txt",
			);
			runOnlyForDeploymentPostprocessing = 0;
			shellPath = /bin/sh;
			shellScript = "diff \"${PODS_PODFILE_DIR_PATH}/Podfile.lock\" \"${PODS_ROOT}/Manifest.lock\" > /dev/null\nif [ $? != 0 ] ; then\n    # print error to STDERR\n    echo \"error: The sandbox is not in sync with the Podfile.lock. Run 'pod install' or update your CocoaPods installation.\" >&2\n    exit 1\nfi\n# This output is used by Xcode 'outputs' to avoid re-running this script phase.\necho \"SUCCESS\" > \"${SCRIPT_OUTPUT_FILE_0}\"\n";
			showEnvVarsInLog = 0;
		};
/* End PBXShellScriptBuildPhase section */

/* Begin PBXSourcesBuildPhase section */
		3B7D65DC243EE38C0060F939 /* Sources */ = {
			isa = PBXSourcesBuildPhase;
			buildActionMask = 2147483647;
			files = (
				83BB61BA243EFA4700768062 /* PopularMealsViewController.swift in Sources */,
				83BB61BC243F0BDB00768062 /* MealGridCell.swift in Sources */,
				3B365732243F8D8300AB3BB3 /* SignUpViewController.swift in Sources */,
				3B365734243F92A200AB3BB3 /* NutritionViewController.swift in Sources */,
				3B36573C2440CFB800AB3BB3 /* StartCookingViewController.swift in Sources */,
				3B7D65E4243EE38C0060F939 /* AppDelegate.swift in Sources */,
				3B365738243F97A500AB3BB3 /* IngredientsViewController.swift in Sources */,
				837DA3F1244986E20035CA2A /* IngredientsCell.swift in Sources */,
				3B365730243F7E1000AB3BB3 /* LoginViewController.swift in Sources */,
				3B365736243F92BE00AB3BB3 /* CookViewController.swift in Sources */,
				673238B3244A77F9003087D5 /* StepsViewController.swift in Sources */,
				83BB61BE243F0E6300768062 /* MealGridViewController.swift in Sources */,
				83BB61B8243EF6FD00768062 /* PopularMealsCell.swift in Sources */,
				3B7D65E6243EE38C0060F939 /* SceneDelegate.swift in Sources */,
			);
			runOnlyForDeploymentPostprocessing = 0;
		};
		3B7D65F2243EE38E0060F939 /* Sources */ = {
			isa = PBXSourcesBuildPhase;
			buildActionMask = 2147483647;
			files = (
				3B7D65FB243EE38E0060F939 /* iOS_SEA_LIFESTYLETests.swift in Sources */,
			);
			runOnlyForDeploymentPostprocessing = 0;
		};
		3B7D65FD243EE38E0060F939 /* Sources */ = {
			isa = PBXSourcesBuildPhase;
			buildActionMask = 2147483647;
			files = (
				3B7D6606243EE38E0060F939 /* iOS_SEA_LIFESTYLEUITests.swift in Sources */,
			);
			runOnlyForDeploymentPostprocessing = 0;
		};
/* End PBXSourcesBuildPhase section */

/* Begin PBXTargetDependency section */
		3B7D65F8243EE38E0060F939 /* PBXTargetDependency */ = {
			isa = PBXTargetDependency;
			target = 3B7D65DF243EE38C0060F939 /* iOS_SEA_LIFESTYLE */;
			targetProxy = 3B7D65F7243EE38E0060F939 /* PBXContainerItemProxy */;
		};
		3B7D6603243EE38E0060F939 /* PBXTargetDependency */ = {
			isa = PBXTargetDependency;
			target = 3B7D65DF243EE38C0060F939 /* iOS_SEA_LIFESTYLE */;
			targetProxy = 3B7D6602243EE38E0060F939 /* PBXContainerItemProxy */;
		};
/* End PBXTargetDependency section */

/* Begin PBXVariantGroup section */
		3B7D65E9243EE38C0060F939 /* Main.storyboard */ = {
			isa = PBXVariantGroup;
			children = (
				3B7D65EA243EE38C0060F939 /* Base */,
			);
			name = Main.storyboard;
			sourceTree = "<group>";
		};
		3B7D65EE243EE38D0060F939 /* LaunchScreen.storyboard */ = {
			isa = PBXVariantGroup;
			children = (
				3B7D65EF243EE38D0060F939 /* Base */,
			);
			name = LaunchScreen.storyboard;
			sourceTree = "<group>";
		};
/* End PBXVariantGroup section */

/* Begin XCBuildConfiguration section */
		3B7D6608243EE38E0060F939 /* Debug */ = {
			isa = XCBuildConfiguration;
			buildSettings = {
				ALWAYS_SEARCH_USER_PATHS = NO;
				CLANG_ANALYZER_NONNULL = YES;
				CLANG_ANALYZER_NUMBER_OBJECT_CONVERSION = YES_AGGRESSIVE;
				CLANG_CXX_LANGUAGE_STANDARD = "gnu++14";
				CLANG_CXX_LIBRARY = "libc++";
				CLANG_ENABLE_MODULES = YES;
				CLANG_ENABLE_OBJC_ARC = YES;
				CLANG_ENABLE_OBJC_WEAK = YES;
				CLANG_WARN_BLOCK_CAPTURE_AUTORELEASING = YES;
				CLANG_WARN_BOOL_CONVERSION = YES;
				CLANG_WARN_COMMA = YES;
				CLANG_WARN_CONSTANT_CONVERSION = YES;
				CLANG_WARN_DEPRECATED_OBJC_IMPLEMENTATIONS = YES;
				CLANG_WARN_DIRECT_OBJC_ISA_USAGE = YES_ERROR;
				CLANG_WARN_DOCUMENTATION_COMMENTS = YES;
				CLANG_WARN_EMPTY_BODY = YES;
				CLANG_WARN_ENUM_CONVERSION = YES;
				CLANG_WARN_INFINITE_RECURSION = YES;
				CLANG_WARN_INT_CONVERSION = YES;
				CLANG_WARN_NON_LITERAL_NULL_CONVERSION = YES;
				CLANG_WARN_OBJC_IMPLICIT_RETAIN_SELF = YES;
				CLANG_WARN_OBJC_LITERAL_CONVERSION = YES;
				CLANG_WARN_OBJC_ROOT_CLASS = YES_ERROR;
				CLANG_WARN_RANGE_LOOP_ANALYSIS = YES;
				CLANG_WARN_STRICT_PROTOTYPES = YES;
				CLANG_WARN_SUSPICIOUS_MOVE = YES;
				CLANG_WARN_UNGUARDED_AVAILABILITY = YES_AGGRESSIVE;
				CLANG_WARN_UNREACHABLE_CODE = YES;
				CLANG_WARN__DUPLICATE_METHOD_MATCH = YES;
				COPY_PHASE_STRIP = NO;
				DEBUG_INFORMATION_FORMAT = dwarf;
				ENABLE_STRICT_OBJC_MSGSEND = YES;
				ENABLE_TESTABILITY = YES;
				GCC_C_LANGUAGE_STANDARD = gnu11;
				GCC_DYNAMIC_NO_PIC = NO;
				GCC_NO_COMMON_BLOCKS = YES;
				GCC_OPTIMIZATION_LEVEL = 0;
				GCC_PREPROCESSOR_DEFINITIONS = (
					"DEBUG=1",
					"$(inherited)",
				);
				GCC_WARN_64_TO_32_BIT_CONVERSION = YES;
				GCC_WARN_ABOUT_RETURN_TYPE = YES_ERROR;
				GCC_WARN_UNDECLARED_SELECTOR = YES;
				GCC_WARN_UNINITIALIZED_AUTOS = YES_AGGRESSIVE;
				GCC_WARN_UNUSED_FUNCTION = YES;
				GCC_WARN_UNUSED_VARIABLE = YES;
				IPHONEOS_DEPLOYMENT_TARGET = 13.4;
				MTL_ENABLE_DEBUG_INFO = INCLUDE_SOURCE;
				MTL_FAST_MATH = YES;
				ONLY_ACTIVE_ARCH = YES;
				SDKROOT = iphoneos;
				SWIFT_ACTIVE_COMPILATION_CONDITIONS = DEBUG;
				SWIFT_OPTIMIZATION_LEVEL = "-Onone";
			};
			name = Debug;
		};
		3B7D6609243EE38E0060F939 /* Release */ = {
			isa = XCBuildConfiguration;
			buildSettings = {
				ALWAYS_SEARCH_USER_PATHS = NO;
				CLANG_ANALYZER_NONNULL = YES;
				CLANG_ANALYZER_NUMBER_OBJECT_CONVERSION = YES_AGGRESSIVE;
				CLANG_CXX_LANGUAGE_STANDARD = "gnu++14";
				CLANG_CXX_LIBRARY = "libc++";
				CLANG_ENABLE_MODULES = YES;
				CLANG_ENABLE_OBJC_ARC = YES;
				CLANG_ENABLE_OBJC_WEAK = YES;
				CLANG_WARN_BLOCK_CAPTURE_AUTORELEASING = YES;
				CLANG_WARN_BOOL_CONVERSION = YES;
				CLANG_WARN_COMMA = YES;
				CLANG_WARN_CONSTANT_CONVERSION = YES;
				CLANG_WARN_DEPRECATED_OBJC_IMPLEMENTATIONS = YES;
				CLANG_WARN_DIRECT_OBJC_ISA_USAGE = YES_ERROR;
				CLANG_WARN_DOCUMENTATION_COMMENTS = YES;
				CLANG_WARN_EMPTY_BODY = YES;
				CLANG_WARN_ENUM_CONVERSION = YES;
				CLANG_WARN_INFINITE_RECURSION = YES;
				CLANG_WARN_INT_CONVERSION = YES;
				CLANG_WARN_NON_LITERAL_NULL_CONVERSION = YES;
				CLANG_WARN_OBJC_IMPLICIT_RETAIN_SELF = YES;
				CLANG_WARN_OBJC_LITERAL_CONVERSION = YES;
				CLANG_WARN_OBJC_ROOT_CLASS = YES_ERROR;
				CLANG_WARN_RANGE_LOOP_ANALYSIS = YES;
				CLANG_WARN_STRICT_PROTOTYPES = YES;
				CLANG_WARN_SUSPICIOUS_MOVE = YES;
				CLANG_WARN_UNGUARDED_AVAILABILITY = YES_AGGRESSIVE;
				CLANG_WARN_UNREACHABLE_CODE = YES;
				CLANG_WARN__DUPLICATE_METHOD_MATCH = YES;
				COPY_PHASE_STRIP = NO;
				DEBUG_INFORMATION_FORMAT = "dwarf-with-dsym";
				ENABLE_NS_ASSERTIONS = NO;
				ENABLE_STRICT_OBJC_MSGSEND = YES;
				GCC_C_LANGUAGE_STANDARD = gnu11;
				GCC_NO_COMMON_BLOCKS = YES;
				GCC_WARN_64_TO_32_BIT_CONVERSION = YES;
				GCC_WARN_ABOUT_RETURN_TYPE = YES_ERROR;
				GCC_WARN_UNDECLARED_SELECTOR = YES;
				GCC_WARN_UNINITIALIZED_AUTOS = YES_AGGRESSIVE;
				GCC_WARN_UNUSED_FUNCTION = YES;
				GCC_WARN_UNUSED_VARIABLE = YES;
				IPHONEOS_DEPLOYMENT_TARGET = 13.4;
				MTL_ENABLE_DEBUG_INFO = NO;
				MTL_FAST_MATH = YES;
				SDKROOT = iphoneos;
				SWIFT_COMPILATION_MODE = wholemodule;
				SWIFT_OPTIMIZATION_LEVEL = "-O";
				VALIDATE_PRODUCT = YES;
			};
			name = Release;
		};
		3B7D660B243EE38E0060F939 /* Debug */ = {
			isa = XCBuildConfiguration;
			baseConfigurationReference = E37FD8C7ECBA25760A99A150 /* Pods-iOS_SEA_LIFESTYLE.debug.xcconfig */;
			buildSettings = {
				ASSETCATALOG_COMPILER_APPICON_NAME = AppIcon;
				CODE_SIGN_STYLE = Automatic;
				DEVELOPMENT_TEAM = 7DF23RMRWS;
				INFOPLIST_FILE = iOS_SEA_LIFESTYLE/Info.plist;
				LD_RUNPATH_SEARCH_PATHS = (
					"$(inherited)",
					"@executable_path/Frameworks",
				);
				PRODUCT_BUNDLE_IDENTIFIER = "com.codePathiOS-SEA-LIFESTYLE";
				PRODUCT_NAME = "$(TARGET_NAME)";
				SWIFT_VERSION = 5.0;
				TARGETED_DEVICE_FAMILY = "1,2";
			};
			name = Debug;
		};
		3B7D660C243EE38E0060F939 /* Release */ = {
			isa = XCBuildConfiguration;
			baseConfigurationReference = 25DCFB3A44C88B6D2F842A70 /* Pods-iOS_SEA_LIFESTYLE.release.xcconfig */;
			buildSettings = {
				ASSETCATALOG_COMPILER_APPICON_NAME = AppIcon;
				CODE_SIGN_STYLE = Automatic;
				DEVELOPMENT_TEAM = 7DF23RMRWS;
				INFOPLIST_FILE = iOS_SEA_LIFESTYLE/Info.plist;
				LD_RUNPATH_SEARCH_PATHS = (
					"$(inherited)",
					"@executable_path/Frameworks",
				);
				PRODUCT_BUNDLE_IDENTIFIER = "com.codePathiOS-SEA-LIFESTYLE";
				PRODUCT_NAME = "$(TARGET_NAME)";
				SWIFT_VERSION = 5.0;
				TARGETED_DEVICE_FAMILY = "1,2";
			};
			name = Release;
		};
		3B7D660E243EE38E0060F939 /* Debug */ = {
			isa = XCBuildConfiguration;
			baseConfigurationReference = AFFA6CF5EEA3DE1F9B481729 /* Pods-iOS_SEA_LIFESTYLETests.debug.xcconfig */;
			buildSettings = {
				ALWAYS_EMBED_SWIFT_STANDARD_LIBRARIES = YES;
				BUNDLE_LOADER = "$(TEST_HOST)";
				CODE_SIGN_STYLE = Automatic;
				DEVELOPMENT_TEAM = 2VVAQRK4HU;
				INFOPLIST_FILE = iOS_SEA_LIFESTYLETests/Info.plist;
				IPHONEOS_DEPLOYMENT_TARGET = 13.4;
				LD_RUNPATH_SEARCH_PATHS = (
					"$(inherited)",
					"@executable_path/Frameworks",
					"@loader_path/Frameworks",
				);
				PRODUCT_BUNDLE_IDENTIFIER = "com.Ayo.iOS-SEA-LIFESTYLETests";
				PRODUCT_NAME = "$(TARGET_NAME)";
				SWIFT_VERSION = 5.0;
				TARGETED_DEVICE_FAMILY = "1,2";
				TEST_HOST = "$(BUILT_PRODUCTS_DIR)/iOS_SEA_LIFESTYLE.app/iOS_SEA_LIFESTYLE";
			};
			name = Debug;
		};
		3B7D660F243EE38E0060F939 /* Release */ = {
			isa = XCBuildConfiguration;
			baseConfigurationReference = 956FB4C294304161895DD112 /* Pods-iOS_SEA_LIFESTYLETests.release.xcconfig */;
			buildSettings = {
				ALWAYS_EMBED_SWIFT_STANDARD_LIBRARIES = YES;
				BUNDLE_LOADER = "$(TEST_HOST)";
				CODE_SIGN_STYLE = Automatic;
				DEVELOPMENT_TEAM = 2VVAQRK4HU;
				INFOPLIST_FILE = iOS_SEA_LIFESTYLETests/Info.plist;
				IPHONEOS_DEPLOYMENT_TARGET = 13.4;
				LD_RUNPATH_SEARCH_PATHS = (
					"$(inherited)",
					"@executable_path/Frameworks",
					"@loader_path/Frameworks",
				);
				PRODUCT_BUNDLE_IDENTIFIER = "com.Ayo.iOS-SEA-LIFESTYLETests";
				PRODUCT_NAME = "$(TARGET_NAME)";
				SWIFT_VERSION = 5.0;
				TARGETED_DEVICE_FAMILY = "1,2";
				TEST_HOST = "$(BUILT_PRODUCTS_DIR)/iOS_SEA_LIFESTYLE.app/iOS_SEA_LIFESTYLE";
			};
			name = Release;
		};
		3B7D6611243EE38E0060F939 /* Debug */ = {
			isa = XCBuildConfiguration;
			baseConfigurationReference = 09A7C8964727CA46AA087C03 /* Pods-iOS_SEA_LIFESTYLE-iOS_SEA_LIFESTYLEUITests.debug.xcconfig */;
			buildSettings = {
				ALWAYS_EMBED_SWIFT_STANDARD_LIBRARIES = YES;
				CODE_SIGN_STYLE = Automatic;
				DEVELOPMENT_TEAM = 2VVAQRK4HU;
				INFOPLIST_FILE = iOS_SEA_LIFESTYLEUITests/Info.plist;
				LD_RUNPATH_SEARCH_PATHS = (
					"$(inherited)",
					"@executable_path/Frameworks",
					"@loader_path/Frameworks",
				);
				PRODUCT_BUNDLE_IDENTIFIER = "com.Ayo.iOS-SEA-LIFESTYLEUITests";
				PRODUCT_NAME = "$(TARGET_NAME)";
				SWIFT_VERSION = 5.0;
				TARGETED_DEVICE_FAMILY = "1,2";
				TEST_TARGET_NAME = iOS_SEA_LIFESTYLE;
			};
			name = Debug;
		};
		3B7D6612243EE38E0060F939 /* Release */ = {
			isa = XCBuildConfiguration;
			baseConfigurationReference = 3D28DA94938C4A54ECE61781 /* Pods-iOS_SEA_LIFESTYLE-iOS_SEA_LIFESTYLEUITests.release.xcconfig */;
			buildSettings = {
				ALWAYS_EMBED_SWIFT_STANDARD_LIBRARIES = YES;
				CODE_SIGN_STYLE = Automatic;
				DEVELOPMENT_TEAM = 2VVAQRK4HU;
				INFOPLIST_FILE = iOS_SEA_LIFESTYLEUITests/Info.plist;
				LD_RUNPATH_SEARCH_PATHS = (
					"$(inherited)",
					"@executable_path/Frameworks",
					"@loader_path/Frameworks",
				);
				PRODUCT_BUNDLE_IDENTIFIER = "com.Ayo.iOS-SEA-LIFESTYLEUITests";
				PRODUCT_NAME = "$(TARGET_NAME)";
				SWIFT_VERSION = 5.0;
				TARGETED_DEVICE_FAMILY = "1,2";
				TEST_TARGET_NAME = iOS_SEA_LIFESTYLE;
			};
			name = Release;
		};
/* End XCBuildConfiguration section */

/* Begin XCConfigurationList section */
		3B7D65DB243EE38C0060F939 /* Build configuration list for PBXProject "iOS_SEA_LIFESTYLE" */ = {
			isa = XCConfigurationList;
			buildConfigurations = (
				3B7D6608243EE38E0060F939 /* Debug */,
				3B7D6609243EE38E0060F939 /* Release */,
			);
			defaultConfigurationIsVisible = 0;
			defaultConfigurationName = Release;
		};
		3B7D660A243EE38E0060F939 /* Build configuration list for PBXNativeTarget "iOS_SEA_LIFESTYLE" */ = {
			isa = XCConfigurationList;
			buildConfigurations = (
				3B7D660B243EE38E0060F939 /* Debug */,
				3B7D660C243EE38E0060F939 /* Release */,
			);
			defaultConfigurationIsVisible = 0;
			defaultConfigurationName = Release;
		};
		3B7D660D243EE38E0060F939 /* Build configuration list for PBXNativeTarget "iOS_SEA_LIFESTYLETests" */ = {
			isa = XCConfigurationList;
			buildConfigurations = (
				3B7D660E243EE38E0060F939 /* Debug */,
				3B7D660F243EE38E0060F939 /* Release */,
			);
			defaultConfigurationIsVisible = 0;
			defaultConfigurationName = Release;
		};
		3B7D6610243EE38E0060F939 /* Build configuration list for PBXNativeTarget "iOS_SEA_LIFESTYLEUITests" */ = {
			isa = XCConfigurationList;
			buildConfigurations = (
				3B7D6611243EE38E0060F939 /* Debug */,
				3B7D6612243EE38E0060F939 /* Release */,
			);
			defaultConfigurationIsVisible = 0;
			defaultConfigurationName = Release;
		};
/* End XCConfigurationList section */
	};
	rootObject = 3B7D65D8243EE38C0060F939 /* Project object */;
}
